
Microsoft Visual Studio Solution File, Format Version 12.00
# Visual Studio Version 16
VisualStudioVersion = 16.0.31515.178
MinimumVisualStudioVersion = 10.0.40219.1
Project("{FAE04EC0-301F-11D3-BF4B-00C04F79EFBC}") = "Validation", "Validation\Validation.csproj", "{2AA5DD95-E809-48AE-9FF7-735A2F5A9D12}"
EndProject
Global
	GlobalSection(SolutionConfigurationPlatforms) = preSolution
		Debug|Any CPU = Debug|Any CPU
		Release|Any CPU = Release|Any CPU
	EndGlobalSection
	GlobalSection(ProjectConfigurationPlatforms) = postSolution
		{2AA5DD95-E809-48AE-9FF7-735A2F5A9D12}.Debug|Any CPU.ActiveCfg = Debug|Any CPU
		{2AA5DD95-E809-48AE-9FF7-735A2F5A9D12}.Debug|Any CPU.Build.0 = Debug|Any CPU
		{2AA5DD95-E809-48AE-9FF7-735A2F5A9D12}.Release|Any CPU.ActiveCfg = Release|Any CPU
		{2AA5DD95-E809-48AE-9FF7-735A2F5A9D12}.Release|Any CPU.Build.0 = Release|Any CPU
	EndGlobalSection
	GlobalSection(SolutionProperties) = preSolution
		HideSolutionNode = FALSE
	EndGlobalSection
	GlobalSection(ExtensibilityGlobals) = postSolution
		SolutionGuid = {3953F313-F8F3-4410-858E-028F84B54162}
	EndGlobalSection
EndGlobal
